
Microsoft Visual Studio Solution File, Format Version 12.00
# Visual Studio Version 17
VisualStudioVersion = 17.9.34728.123
MinimumVisualStudioVersion = 10.0.40219.1
Project("{FAE04EC0-301F-11D3-BF4B-00C04F79EFBC}") = "multiplesofnumber", "multiplesofnumber\multiplesofnumber.csproj", "{4396CB14-46F3-4898-BF4C-7C4AF208D02F}"
EndProject
Global
	GlobalSection(SolutionConfigurationPlatforms) = preSolution
		Debug|Any CPU = Debug|Any CPU
		Release|Any CPU = Release|Any CPU
	EndGlobalSection
	GlobalSection(ProjectConfigurationPlatforms) = postSolution
		{4396CB14-46F3-4898-BF4C-7C4AF208D02F}.Debug|Any CPU.ActiveCfg = Debug|Any CPU
		{4396CB14-46F3-4898-BF4C-7C4AF208D02F}.Debug|Any CPU.Build.0 = Debug|Any CPU
		{4396CB14-46F3-4898-BF4C-7C4AF208D02F}.Release|Any CPU.ActiveCfg = Release|Any CPU
		{4396CB14-46F3-4898-BF4C-7C4AF208D02F}.Release|Any CPU.Build.0 = Release|Any CPU
	EndGlobalSection
	GlobalSection(SolutionProperties) = preSolution
		HideSolutionNode = FALSE
	EndGlobalSection
	GlobalSection(ExtensibilityGlobals) = postSolution
		SolutionGuid = {A5889075-8710-41C5-83F0-5170922413C2}
	EndGlobalSection
EndGlobal
